
Microsoft Visual Studio Solution File, Format Version 12.00
# Visual Studio Version 17
VisualStudioVersion = 17.3.32901.215
MinimumVisualStudioVersion = 10.0.40219.1
Project("{FAE04EC0-301F-11D3-BF4B-00C04F79EFBC}") = "Recreating Paint in WinForm", "Recreating Paint in WinForm.csproj", "{75D6E1F6-22AD-4583-A771-1F209F6B6917}"
EndProject
Global
	GlobalSection(SolutionConfigurationPlatforms) = preSolution
		Debug|Any CPU = Debug|Any CPU
		Release|Any CPU = Release|Any CPU
	EndGlobalSection
	GlobalSection(ProjectConfigurationPlatforms) = postSolution
		{75D6E1F6-22AD-4583-A771-1F209F6B6917}.Debug|Any CPU.ActiveCfg = Debug|Any CPU
		{75D6E1F6-22AD-4583-A771-1F209F6B6917}.Debug|Any CPU.Build.0 = Debug|Any CPU
		{75D6E1F6-22AD-4583-A771-1F209F6B6917}.Release|Any CPU.ActiveCfg = Release|Any CPU
		{75D6E1F6-22AD-4583-A771-1F209F6B6917}.Release|Any CPU.Build.0 = Release|Any CPU
	EndGlobalSection
	GlobalSection(SolutionProperties) = preSolution
		HideSolutionNode = FALSE
	EndGlobalSection
	GlobalSection(ExtensibilityGlobals) = postSolution
		SolutionGuid = {DFD7E471-BD67-498B-B161-019474A357CA}
	EndGlobalSection
EndGlobal
